{
  "version": 4,
  "terraform_version": "1.15.5",
  "serial": 4,
  "lineage": "db999a96-abbe-b508-1c27-1d6f3f33bb37",
  "outputs": {
    "acr_login_server": {
      "value": "restaurantacr13022002.azurecr.io",
      "type": "string"
    },
    "acr_name": {
      "value": "restaurantacr13022002",
      "type": "string"
    },
    "aks_cluster_name": {
      "value": "restaurant-aks",
      "type": "string"
    },
    "kubectl_command": {
      "value": "az aks get-credentials --resource-group restaurant-rg --name restaurant-aks",
      "type": "string"
    },
    "resource_group_name": {
      "value": "restaurant-rg",
      "type": "string"
    }
  },
  "resources": [
    {
      "mode": "managed",
      "type": "azurerm_container_registry",
      "name": "acr",
      "provider": "provider[\"registry.terraform.io/hashicorp/azurerm\"]",
      "instances": [
        {
          "schema_version": 2,
          "attributes": {
            "admin_enabled": true,
            "admin_password": "5bY0vbDWJpNsVhoEGvGBzZfOeJPOQnKblI2UFNmSGU7ui3UzLt2zJQQJ99CFACYeBjFEqg7NAAACAZCRSmw6",
            "admin_username": "restaurantacr13022002",
            "anonymous_pull_enabled": false,
            "data_endpoint_enabled": false,
            "encryption": [
              {
                "enabled": false,
                "identity_client_id": "",
                "key_vault_key_id": ""
              }
            ],
            "export_policy_enabled": true,
            "georeplications": [],
            "id": "/subscriptions/2dbc3580-b0e8-493e-b2a3-5ec93236696d/resourceGroups/restaurant-rg/providers/Microsoft.ContainerRegistry/registries/restaurantacr13022002",
            "identity": [],
            "location": "eastus",
            "login_server": "restaurantacr13022002.azurecr.io",
            "name": "restaurantacr13022002",
            "network_rule_bypass_option": "AzureServices",
            "network_rule_set": [],
            "public_network_access_enabled": true,
            "quarantine_policy_enabled": false,
            "resource_group_name": "restaurant-rg",
            "retention_policy": [
              {
                "days": 7,
                "enabled": false
              }
            ],
            "sku": "Basic",
            "tags": {
              "environment": "production",
              "project": "restaurant"
            },
            "timeouts": null,
            "trust_policy": [
              {
                "enabled": false
              }
            ],
            "zone_redundancy_enabled": false
          },
          "sensitive_attributes": [
            [
              {
                "type": "get_attr",
                "value": "admin_password"
              }
            ]
          ],
          "identity_schema_version": 0,
          "private": "eyJlMmJmYjczMC1lY2FhLTExZTYtOGY4OC0zNDM2M2JjN2M0YzAiOnsiY3JlYXRlIjoxODAwMDAwMDAwMDAwLCJkZWxldGUiOjE4MDAwMDAwMDAwMDAsInJlYWQiOjMwMDAwMDAwMDAwMCwidXBkYXRlIjoxODAwMDAwMDAwMDAwfSwic2NoZW1hX3ZlcnNpb24iOiIyIn0=",
          "dependencies": [
            "azurerm_resource_group.rg"
          ]
        }
      ]
    },
    {
      "mode": "managed",
      "type": "azurerm_resource_group",
      "name": "rg",
      "provider": "provider[\"registry.terraform.io/hashicorp/azurerm\"]",
      "instances": [
        {
          "schema_version": 0,
          "attributes": {
            "id": "/subscriptions/2dbc3580-b0e8-493e-b2a3-5ec93236696d/resourceGroups/restaurant-rg",
            "location": "eastus",
            "managed_by": "",
            "name": "restaurant-rg",
            "tags": {
              "environment": "production",
              "project": "restaurant"
            },
            "timeouts": null
          },
          "sensitive_attributes": [],
          "identity_schema_version": 0,
          "private": "eyJlMmJmYjczMC1lY2FhLTExZTYtOGY4OC0zNDM2M2JjN2M0YzAiOnsiY3JlYXRlIjo1NDAwMDAwMDAwMDAwLCJkZWxldGUiOjU0MDAwMDAwMDAwMDAsInJlYWQiOjMwMDAwMDAwMDAwMCwidXBkYXRlIjo1NDAwMDAwMDAwMDAwfX0="
        }
      ]
    }
  ],
  "check_results": null
}
